
Microsoft Visual Studio Solution File, Format Version 12.00
# Visual Studio 15
Project("{FAE04EC0-301F-11D3-BF4B-00C04F79EFBC}") = "Assembly-CSharp", "Assembly-CSharp.csproj", "{70F5FF87-2136-35F6-E3FE-F5BBECCF1533}"
EndProject
Project("{FAE04EC0-301F-11D3-BF4B-00C04F79EFBC}") = "Assembly-CSharp-Editor", "Assembly-CSharp-Editor.csproj", "{A712DF93-86D9-15C3-296C-C9BAAB576254}"
EndProject
Global
	GlobalSection(SolutionConfigurationPlatforms) = preSolution
		Debug|Any CPU = Debug|Any CPU
		Release|Any CPU = Release|Any CPU
	EndGlobalSection
	GlobalSection(ProjectConfigurationPlatforms) = postSolution
		{70F5FF87-2136-35F6-E3FE-F5BBECCF1533}.Debug|Any CPU.ActiveCfg = Debug|Any CPU
		{70F5FF87-2136-35F6-E3FE-F5BBECCF1533}.Debug|Any CPU.Build.0 = Debug|Any CPU
		{70F5FF87-2136-35F6-E3FE-F5BBECCF1533}.Release|Any CPU.ActiveCfg = Release|Any CPU
		{70F5FF87-2136-35F6-E3FE-F5BBECCF1533}.Release|Any CPU.Build.0 = Release|Any CPU
		{A712DF93-86D9-15C3-296C-C9BAAB576254}.Debug|Any CPU.ActiveCfg = Debug|Any CPU
		{A712DF93-86D9-15C3-296C-C9BAAB576254}.Debug|Any CPU.Build.0 = Debug|Any CPU
		{A712DF93-86D9-15C3-296C-C9BAAB576254}.Release|Any CPU.ActiveCfg = Release|Any CPU
		{A712DF93-86D9-15C3-296C-C9BAAB576254}.Release|Any CPU.Build.0 = Release|Any CPU
	EndGlobalSection
	GlobalSection(SolutionProperties) = preSolution
		HideSolutionNode = FALSE
	EndGlobalSection
EndGlobal
